
Microsoft Visual Studio Solution File, Format Version 12.00
# Visual Studio 15
VisualStudioVersion = 15.0.28307.1300
MinimumVisualStudioVersion = 10.0.40219.1
Project("{FAE04EC0-301F-11D3-BF4B-00C04F79EFBC}") = "Hosam-App", "Hosam-App.csproj", "{7F8834C2-B970-4C9C-A16E-D90D3862C932}"
EndProject
Global
	GlobalSection(SolutionConfigurationPlatforms) = preSolution
		Debug|Any CPU = Debug|Any CPU
		Debug|x64 = Debug|x64
		Release|Any CPU = Release|Any CPU
		Release|x64 = Release|x64
	EndGlobalSection
	GlobalSection(ProjectConfigurationPlatforms) = postSolution
		{7F8834C2-B970-4C9C-A16E-D90D3862C932}.Debug|Any CPU.ActiveCfg = Debug|Any CPU
		{7F8834C2-B970-4C9C-A16E-D90D3862C932}.Debug|Any CPU.Build.0 = Debug|Any CPU
		{7F8834C2-B970-4C9C-A16E-D90D3862C932}.Debug|x64.ActiveCfg = Debug|x64
		{7F8834C2-B970-4C9C-A16E-D90D3862C932}.Debug|x64.Build.0 = Debug|x64
		{7F8834C2-B970-4C9C-A16E-D90D3862C932}.Release|Any CPU.ActiveCfg = Release|Any CPU
		{7F8834C2-B970-4C9C-A16E-D90D3862C932}.Release|Any CPU.Build.0 = Release|Any CPU
		{7F8834C2-B970-4C9C-A16E-D90D3862C932}.Release|x64.ActiveCfg = Release|x64
		{7F8834C2-B970-4C9C-A16E-D90D3862C932}.Release|x64.Build.0 = Release|x64
	EndGlobalSection
	GlobalSection(SolutionProperties) = preSolution
		HideSolutionNode = FALSE
	EndGlobalSection
	GlobalSection(ExtensibilityGlobals) = postSolution
		SolutionGuid = {986817EC-CEBD-42B8-AE84-49ABF61D8A49}
	EndGlobalSection
EndGlobal
